
Microsoft Visual Studio Solution File, Format Version 12.00
# Visual Studio Version 16
VisualStudioVersion = 16.0.30523.141
MinimumVisualStudioVersion = 10.0.40219.1
Project("{FAE04EC0-301F-11D3-BF4B-00C04F79EFBC}") = "Slutprojekt", "Slutprojekt\Slutprojekt.csproj", "{AF87D465-B040-45B3-A751-BF0F50FEDB29}"
EndProject
Global
	GlobalSection(SolutionConfigurationPlatforms) = preSolution
		Debug|Any CPU = Debug|Any CPU
		Release|Any CPU = Release|Any CPU
	EndGlobalSection
	GlobalSection(ProjectConfigurationPlatforms) = postSolution
		{AF87D465-B040-45B3-A751-BF0F50FEDB29}.Debug|Any CPU.ActiveCfg = Debug|Any CPU
		{AF87D465-B040-45B3-A751-BF0F50FEDB29}.Debug|Any CPU.Build.0 = Debug|Any CPU
		{AF87D465-B040-45B3-A751-BF0F50FEDB29}.Release|Any CPU.ActiveCfg = Release|Any CPU
		{AF87D465-B040-45B3-A751-BF0F50FEDB29}.Release|Any CPU.Build.0 = Release|Any CPU
	EndGlobalSection
	GlobalSection(SolutionProperties) = preSolution
		HideSolutionNode = FALSE
	EndGlobalSection
	GlobalSection(ExtensibilityGlobals) = postSolution
		SolutionGuid = {C9F081AF-8190-4CE2-84E7-71E741E5C247}
	EndGlobalSection
EndGlobal
